
Microsoft Visual Studio Solution File, Format Version 12.00
# Visual Studio Version 17
VisualStudioVersion = 17.9.34728.123
MinimumVisualStudioVersion = 10.0.40219.1
Project("{FAE04EC0-301F-11D3-BF4B-00C04F79EFBC}") = "Pgm3_Evidence", "Pgm3_Evidence\Pgm3_Evidence.csproj", "{9BFE2A70-B102-462E-ADBF-87F6183647FC}"
EndProject
Global
	GlobalSection(SolutionConfigurationPlatforms) = preSolution
		Debug|Any CPU = Debug|Any CPU
		Release|Any CPU = Release|Any CPU
	EndGlobalSection
	GlobalSection(ProjectConfigurationPlatforms) = postSolution
		{9BFE2A70-B102-462E-ADBF-87F6183647FC}.Debug|Any CPU.ActiveCfg = Debug|Any CPU
		{9BFE2A70-B102-462E-ADBF-87F6183647FC}.Debug|Any CPU.Build.0 = Debug|Any CPU
		{9BFE2A70-B102-462E-ADBF-87F6183647FC}.Release|Any CPU.ActiveCfg = Release|Any CPU
		{9BFE2A70-B102-462E-ADBF-87F6183647FC}.Release|Any CPU.Build.0 = Release|Any CPU
	EndGlobalSection
	GlobalSection(SolutionProperties) = preSolution
		HideSolutionNode = FALSE
	EndGlobalSection
	GlobalSection(ExtensibilityGlobals) = postSolution
		SolutionGuid = {8D8B4BF8-343E-4B7D-B27C-EDA9A1D2082B}
	EndGlobalSection
EndGlobal
